{
  "name": "dog-wmp",
  "version": "1.0.0",
  "lockfileVersion": 1,
  "requires": true,
  "dependencies": {
    "file-save": {
      "version": "0.2.0",
      "resolved": "https://registry.npmmirror.com/file-save/-/file-save-0.2.0.tgz",
      "requires": {
        "mkdirp": "~0.5.0"
      },
      "dependencies": {
        "mkdirp": {
          "version": "0.5.6",
          "resolved": "https://registry.npmmirror.com/mkdirp/-/mkdirp-0.5.6.tgz",
          "requires": {
            "minimist": "^1.2.6"
          },
          "dependencies": {
            "minimist": {
              "version": "1.2.8",
              "resolved": "https://registry.npmmirror.com/minimist/-/minimist-1.2.8.tgz"
            }
          }
        }
      }
    },
    "miniprogram-recycle-view": {
      "version": "0.1.5",
      "resolved": "https://registry.npmjs.org/miniprogram-recycle-view/-/miniprogram-recycle-view-0.1.5.tgz",
      "integrity": "sha512-Pfm/u+jfg+b5zDhjXqm7QbR9IuViqX8JyzcHDgr6Zw9wSK0wmbXNzscA1WoSnGP5Z2nG2TIqtiNXvEbvsyrxXA=="
    }
  }
}
